
Microsoft Visual Studio Solution File, Format Version 12.00
# Visual Studio 15
VisualStudioVersion = 15.0.28010.2046
MinimumVisualStudioVersion = 10.0.40219.1
Project("{8BC9CEB8-8B4A-11D0-8D11-00A0C91BC942}") = "generator instancji akwb", "generator instancji akwb\generator instancji akwb.vcxproj", "{8A283AAA-DC62-473E-9CF9-9B5BC5F297F6}"
EndProject
Global
	GlobalSection(SolutionConfigurationPlatforms) = preSolution
		Debug|x64 = Debug|x64
		Debug|x86 = Debug|x86
		Release|x64 = Release|x64
		Release|x86 = Release|x86
	EndGlobalSection
	GlobalSection(ProjectConfigurationPlatforms) = postSolution
		{8A283AAA-DC62-473E-9CF9-9B5BC5F297F6}.Debug|x64.ActiveCfg = Debug|x64
		{8A283AAA-DC62-473E-9CF9-9B5BC5F297F6}.Debug|x64.Build.0 = Debug|x64
		{8A283AAA-DC62-473E-9CF9-9B5BC5F297F6}.Debug|x86.ActiveCfg = Debug|Win32
		{8A283AAA-DC62-473E-9CF9-9B5BC5F297F6}.Debug|x86.Build.0 = Debug|Win32
		{8A283AAA-DC62-473E-9CF9-9B5BC5F297F6}.Release|x64.ActiveCfg = Release|x64
		{8A283AAA-DC62-473E-9CF9-9B5BC5F297F6}.Release|x64.Build.0 = Release|x64
		{8A283AAA-DC62-473E-9CF9-9B5BC5F297F6}.Release|x86.ActiveCfg = Release|Win32
		{8A283AAA-DC62-473E-9CF9-9B5BC5F297F6}.Release|x86.Build.0 = Release|Win32
	EndGlobalSection
	GlobalSection(SolutionProperties) = preSolution
		HideSolutionNode = FALSE
	EndGlobalSection
	GlobalSection(ExtensibilityGlobals) = postSolution
		SolutionGuid = {204EFD78-FA7F-42D2-A5D8-4F2A681C8358}
	EndGlobalSection
EndGlobal
